
Microsoft Visual Studio Solution File, Format Version 12.00
# Visual Studio Version 16
VisualStudioVersion = 16.0.29709.97
MinimumVisualStudioVersion = 10.0.40219.1
Project("{FAE04EC0-301F-11D3-BF4B-00C04F79EFBC}") = "GC_Lab_2.3", "GC_Lab_2.3\GC_Lab_2.3.csproj", "{95C61B25-3DF8-4813-B1A7-D0C9E11355EB}"
EndProject
Global
	GlobalSection(SolutionConfigurationPlatforms) = preSolution
		Debug|Any CPU = Debug|Any CPU
		Release|Any CPU = Release|Any CPU
	EndGlobalSection
	GlobalSection(ProjectConfigurationPlatforms) = postSolution
		{95C61B25-3DF8-4813-B1A7-D0C9E11355EB}.Debug|Any CPU.ActiveCfg = Debug|Any CPU
		{95C61B25-3DF8-4813-B1A7-D0C9E11355EB}.Debug|Any CPU.Build.0 = Debug|Any CPU
		{95C61B25-3DF8-4813-B1A7-D0C9E11355EB}.Release|Any CPU.ActiveCfg = Release|Any CPU
		{95C61B25-3DF8-4813-B1A7-D0C9E11355EB}.Release|Any CPU.Build.0 = Release|Any CPU
	EndGlobalSection
	GlobalSection(SolutionProperties) = preSolution
		HideSolutionNode = FALSE
	EndGlobalSection
	GlobalSection(ExtensibilityGlobals) = postSolution
		SolutionGuid = {4D90FB29-00B8-42D6-A65A-D465D2BD1DFD}
	EndGlobalSection
EndGlobal
